# This file was autogenerated by Stack.
# You should not edit this file by hand.
# For more information, please see the documentation at:
#   https://docs.haskellstack.org/en/stable/lock_files

packages:
- completed:
    hackage: download-0.3.2.7@sha256:eb22654544f55a76a36be0215311fda9d64da53008d6db98a6aa6da734c89508,2599
    pantry-tree:
      size: 986
      sha256: 2627f1932a9d66ffa9c3c34009a6e9c1ef7a61b8bb145e12f4906ba57385e2a6
  original:
    hackage: download-0.3.2.7@sha256:eb22654544f55a76a36be0215311fda9d64da53008d6db98a6aa6da734c89508,2599
snapshots:
- completed:
    size: 496111
    url: https://raw.githubusercontent.com/commercialhaskell/stackage-snapshots/master/lts/15/14.yaml
    sha256: c442d702d66b8c129b3473a32c609050aabf1dc2f8e8502402c143271a8fb141
  original: lts-15.14
